
Microsoft Visual Studio Solution File, Format Version 12.00
# Visual Studio Version 16
VisualStudioVersion = 16.0.30413.136
MinimumVisualStudioVersion = 10.0.40219.1
Project("{FAE04EC0-301F-11D3-BF4B-00C04F79EFBC}") = "MDI Parent and MDI Child", "MDI Parent and MDI Child\MDI Parent and MDI Child.csproj", "{5FDE8563-C513-45FD-9EE1-72CBC1FF0B72}"
EndProject
Global
	GlobalSection(SolutionConfigurationPlatforms) = preSolution
		Debug|Any CPU = Debug|Any CPU
		Release|Any CPU = Release|Any CPU
	EndGlobalSection
	GlobalSection(ProjectConfigurationPlatforms) = postSolution
		{5FDE8563-C513-45FD-9EE1-72CBC1FF0B72}.Debug|Any CPU.ActiveCfg = Debug|Any CPU
		{5FDE8563-C513-45FD-9EE1-72CBC1FF0B72}.Debug|Any CPU.Build.0 = Debug|Any CPU
		{5FDE8563-C513-45FD-9EE1-72CBC1FF0B72}.Release|Any CPU.ActiveCfg = Release|Any CPU
		{5FDE8563-C513-45FD-9EE1-72CBC1FF0B72}.Release|Any CPU.Build.0 = Release|Any CPU
	EndGlobalSection
	GlobalSection(SolutionProperties) = preSolution
		HideSolutionNode = FALSE
	EndGlobalSection
	GlobalSection(ExtensibilityGlobals) = postSolution
		SolutionGuid = {FDB5B0DA-8E8A-436A-9941-B0784AA26ED1}
	EndGlobalSection
EndGlobal
